
Microsoft Visual Studio Solution File, Format Version 12.00
# Visual Studio 2013
VisualStudioVersion = 12.0.31101.0
MinimumVisualStudioVersion = 10.0.40219.1
Project("{FAE04EC0-301F-11D3-BF4B-00C04F79EFBC}") = "csutils", "csutils\csutils.csproj", "{4F62B834-9E9D-4490-8D34-12DCCE159A9F}"
EndProject
Project("{FAE04EC0-301F-11D3-BF4B-00C04F79EFBC}") = "csutils.Test", "csutils.Test\csutils.Test.csproj", "{FDDBC16B-C0DD-4049-B953-9B359961B8D4}"
EndProject
Global
	GlobalSection(SolutionConfigurationPlatforms) = preSolution
		Debug|Any CPU = Debug|Any CPU
		Debug|x86 = Debug|x86
		Release|Any CPU = Release|Any CPU
		Release|x86 = Release|x86
	EndGlobalSection
	GlobalSection(ProjectConfigurationPlatforms) = postSolution
		{4F62B834-9E9D-4490-8D34-12DCCE159A9F}.Debug|Any CPU.ActiveCfg = Debug|Any CPU
		{4F62B834-9E9D-4490-8D34-12DCCE159A9F}.Debug|Any CPU.Build.0 = Debug|Any CPU
		{4F62B834-9E9D-4490-8D34-12DCCE159A9F}.Debug|x86.ActiveCfg = Debug|Any CPU
		{4F62B834-9E9D-4490-8D34-12DCCE159A9F}.Debug|x86.Build.0 = Debug|Any CPU
		{4F62B834-9E9D-4490-8D34-12DCCE159A9F}.Release|Any CPU.ActiveCfg = Release|Any CPU
		{4F62B834-9E9D-4490-8D34-12DCCE159A9F}.Release|Any CPU.Build.0 = Release|Any CPU
		{4F62B834-9E9D-4490-8D34-12DCCE159A9F}.Release|x86.ActiveCfg = Release|x86
		{4F62B834-9E9D-4490-8D34-12DCCE159A9F}.Release|x86.Build.0 = Release|x86
		{FDDBC16B-C0DD-4049-B953-9B359961B8D4}.Debug|Any CPU.ActiveCfg = Debug|Any CPU
		{FDDBC16B-C0DD-4049-B953-9B359961B8D4}.Debug|Any CPU.Build.0 = Debug|Any CPU
		{FDDBC16B-C0DD-4049-B953-9B359961B8D4}.Debug|x86.ActiveCfg = Debug|Any CPU
		{FDDBC16B-C0DD-4049-B953-9B359961B8D4}.Release|Any CPU.ActiveCfg = Release|Any CPU
		{FDDBC16B-C0DD-4049-B953-9B359961B8D4}.Release|Any CPU.Build.0 = Release|Any CPU
		{FDDBC16B-C0DD-4049-B953-9B359961B8D4}.Release|x86.ActiveCfg = Release|Any CPU
	EndGlobalSection
	GlobalSection(SolutionProperties) = preSolution
		HideSolutionNode = FALSE
	EndGlobalSection
EndGlobal
